
Microsoft Visual Studio Solution File, Format Version 12.00
# Visual Studio Version 17
VisualStudioVersion = 17.14.36127.28 d17.14
MinimumVisualStudioVersion = 10.0.40219.1
Project("{FAE04EC0-301F-11D3-BF4B-00C04F79EFBC}") = "Dyrepark", "Dyrepark\Dyrepark.csproj", "{49D10282-1FB1-42B6-8EE4-AD56965009FE}"
EndProject
Project("{FAE04EC0-301F-11D3-BF4B-00C04F79EFBC}") = "Transportmidler", "Transportmidler\Transportmidler.csproj", "{A0FF5D00-4544-43BD-B748-7996A107851B}"
EndProject
Project("{FAE04EC0-301F-11D3-BF4B-00C04F79EFBC}") = "Skoleadministration", "Skoleadministration\Skoleadministration.csproj", "{A602F57B-9452-4D1F-AB47-49E713E7C0D3}"
EndProject
Project("{FAE04EC0-301F-11D3-BF4B-00C04F79EFBC}") = "Bankkonti", "Bankkonti\Bankkonti.csproj", "{93ADDD42-A9DD-4D4C-AF9F-A0281B5B4E2C}"
EndProject
Global
	GlobalSection(SolutionConfigurationPlatforms) = preSolution
		Debug|Any CPU = Debug|Any CPU
		Release|Any CPU = Release|Any CPU
	EndGlobalSection
	GlobalSection(ProjectConfigurationPlatforms) = postSolution
		{49D10282-1FB1-42B6-8EE4-AD56965009FE}.Debug|Any CPU.ActiveCfg = Debug|Any CPU
		{49D10282-1FB1-42B6-8EE4-AD56965009FE}.Debug|Any CPU.Build.0 = Debug|Any CPU
		{49D10282-1FB1-42B6-8EE4-AD56965009FE}.Release|Any CPU.ActiveCfg = Release|Any CPU
		{49D10282-1FB1-42B6-8EE4-AD56965009FE}.Release|Any CPU.Build.0 = Release|Any CPU
		{A0FF5D00-4544-43BD-B748-7996A107851B}.Debug|Any CPU.ActiveCfg = Debug|Any CPU
		{A0FF5D00-4544-43BD-B748-7996A107851B}.Debug|Any CPU.Build.0 = Debug|Any CPU
		{A0FF5D00-4544-43BD-B748-7996A107851B}.Release|Any CPU.ActiveCfg = Release|Any CPU
		{A0FF5D00-4544-43BD-B748-7996A107851B}.Release|Any CPU.Build.0 = Release|Any CPU
		{A602F57B-9452-4D1F-AB47-49E713E7C0D3}.Debug|Any CPU.ActiveCfg = Debug|Any CPU
		{A602F57B-9452-4D1F-AB47-49E713E7C0D3}.Debug|Any CPU.Build.0 = Debug|Any CPU
		{A602F57B-9452-4D1F-AB47-49E713E7C0D3}.Release|Any CPU.ActiveCfg = Release|Any CPU
		{A602F57B-9452-4D1F-AB47-49E713E7C0D3}.Release|Any CPU.Build.0 = Release|Any CPU
		{93ADDD42-A9DD-4D4C-AF9F-A0281B5B4E2C}.Debug|Any CPU.ActiveCfg = Debug|Any CPU
		{93ADDD42-A9DD-4D4C-AF9F-A0281B5B4E2C}.Debug|Any CPU.Build.0 = Debug|Any CPU
		{93ADDD42-A9DD-4D4C-AF9F-A0281B5B4E2C}.Release|Any CPU.ActiveCfg = Release|Any CPU
		{93ADDD42-A9DD-4D4C-AF9F-A0281B5B4E2C}.Release|Any CPU.Build.0 = Release|Any CPU
	EndGlobalSection
	GlobalSection(SolutionProperties) = preSolution
		HideSolutionNode = FALSE
	EndGlobalSection
	GlobalSection(ExtensibilityGlobals) = postSolution
		SolutionGuid = {6B27568E-7876-4C61-AB2B-3984928BC007}
	EndGlobalSection
EndGlobal
